
Microsoft Visual Studio Solution File, Format Version 12.00
# Visual Studio 15
Project("{FAE04EC0-301F-11D3-BF4B-00C04F79EFBC}") = "InnerV13", "Assembly-CSharp.csproj", "{97EE30A9-0274-8B1B-7DC2-FFBED8BB7847}"
EndProject
Global
	GlobalSection(SolutionConfigurationPlatforms) = preSolution
		Debug|Any CPU = Debug|Any CPU
		Release|Any CPU = Release|Any CPU
	EndGlobalSection
	GlobalSection(ProjectConfigurationPlatforms) = postSolution
		{97EE30A9-0274-8B1B-7DC2-FFBED8BB7847}.Debug|Any CPU.ActiveCfg = Debug|Any CPU
		{97EE30A9-0274-8B1B-7DC2-FFBED8BB7847}.Debug|Any CPU.Build.0 = Debug|Any CPU
		{97EE30A9-0274-8B1B-7DC2-FFBED8BB7847}.Release|Any CPU.ActiveCfg = Release|Any CPU
		{97EE30A9-0274-8B1B-7DC2-FFBED8BB7847}.Release|Any CPU.Build.0 = Release|Any CPU
	EndGlobalSection
	GlobalSection(SolutionProperties) = preSolution
		HideSolutionNode = FALSE
	EndGlobalSection
EndGlobal
