
Microsoft Visual Studio Solution File, Format Version 12.00
# Visual Studio 15
Project("{FAE04EC0-301F-11D3-BF4B-00C04F79EFBC}") = "Inner", "Assembly-CSharp.csproj", "{DC77D2AD-4F1C-18E9-3A7D-51309877E739}"
EndProject
Global
	GlobalSection(SolutionConfigurationPlatforms) = preSolution
		Debug|Any CPU = Debug|Any CPU
		Release|Any CPU = Release|Any CPU
	EndGlobalSection
	GlobalSection(ProjectConfigurationPlatforms) = postSolution
		{DC77D2AD-4F1C-18E9-3A7D-51309877E739}.Debug|Any CPU.ActiveCfg = Debug|Any CPU
		{DC77D2AD-4F1C-18E9-3A7D-51309877E739}.Debug|Any CPU.Build.0 = Debug|Any CPU
		{DC77D2AD-4F1C-18E9-3A7D-51309877E739}.Release|Any CPU.ActiveCfg = Release|Any CPU
		{DC77D2AD-4F1C-18E9-3A7D-51309877E739}.Release|Any CPU.Build.0 = Release|Any CPU
	EndGlobalSection
	GlobalSection(SolutionProperties) = preSolution
		HideSolutionNode = FALSE
	EndGlobalSection
EndGlobal
